<Solution>
  <Folder Name="/src/">
    <Project Path="src/VoiceKit.Core/VoiceKit.Core.csproj" />
    <Project Path="src/VoiceKit.Windows/VoiceKit.Windows.csproj" />
  </Folder>
  <Folder Name="/tests/">
    <Project Path="tests/VoiceKit.Core.Tests/VoiceKit.Core.Tests.csproj" />
  </Folder>
</Solution>
